
Microsoft Visual Studio Solution File, Format Version 12.00
# Visual Studio Version 16
VisualStudioVersion = 16.0.31729.503
MinimumVisualStudioVersion = 10.0.40219.1
Project("{FAE04EC0-301F-11D3-BF4B-00C04F79EFBC}") = "Hybrid Inheritance", "Hybrid Inheritance.csproj", "{9A21C145-805D-4B3B-AE08-2241DA323D13}"
EndProject
Global
	GlobalSection(SolutionConfigurationPlatforms) = preSolution
		Debug|Any CPU = Debug|Any CPU
		Release|Any CPU = Release|Any CPU
	EndGlobalSection
	GlobalSection(ProjectConfigurationPlatforms) = postSolution
		{9A21C145-805D-4B3B-AE08-2241DA323D13}.Debug|Any CPU.ActiveCfg = Debug|Any CPU
		{9A21C145-805D-4B3B-AE08-2241DA323D13}.Debug|Any CPU.Build.0 = Debug|Any CPU
		{9A21C145-805D-4B3B-AE08-2241DA323D13}.Release|Any CPU.ActiveCfg = Release|Any CPU
		{9A21C145-805D-4B3B-AE08-2241DA323D13}.Release|Any CPU.Build.0 = Release|Any CPU
	EndGlobalSection
	GlobalSection(SolutionProperties) = preSolution
		HideSolutionNode = FALSE
	EndGlobalSection
	GlobalSection(ExtensibilityGlobals) = postSolution
		SolutionGuid = {B0640751-BE4E-47BF-A1AC-D65903787E4C}
	EndGlobalSection
EndGlobal
